
Microsoft Visual Studio Solution File, Format Version 12.00
# Visual Studio Version 17
VisualStudioVersion = 17.5.002.0
MinimumVisualStudioVersion = 10.0.40219.1
Project("{9A19103F-16F7-4668-BE54-9A1E7A4F7556}") = "ProductsAPI", "ProductsAPI.csproj", "{8D50CFF1-4841-4127-8D79-58F8C62036E1}"
EndProject
Global
	GlobalSection(SolutionConfigurationPlatforms) = preSolution
		Debug|Any CPU = Debug|Any CPU
		Release|Any CPU = Release|Any CPU
	EndGlobalSection
	GlobalSection(ProjectConfigurationPlatforms) = postSolution
		{8D50CFF1-4841-4127-8D79-58F8C62036E1}.Debug|Any CPU.ActiveCfg = Debug|Any CPU
		{8D50CFF1-4841-4127-8D79-58F8C62036E1}.Debug|Any CPU.Build.0 = Debug|Any CPU
		{8D50CFF1-4841-4127-8D79-58F8C62036E1}.Release|Any CPU.ActiveCfg = Release|Any CPU
		{8D50CFF1-4841-4127-8D79-58F8C62036E1}.Release|Any CPU.Build.0 = Release|Any CPU
	EndGlobalSection
	GlobalSection(SolutionProperties) = preSolution
		HideSolutionNode = FALSE
	EndGlobalSection
	GlobalSection(ExtensibilityGlobals) = postSolution
		SolutionGuid = {22187BEC-33C5-449C-930E-211E94E8B075}
	EndGlobalSection
EndGlobal
